
Microsoft Visual Studio Solution File, Format Version 12.00
# Visual Studio 2013
VisualStudioVersion = 12.0.31101.0
MinimumVisualStudioVersion = 10.0.40219.1
Project("{FAE04EC0-301F-11D3-BF4B-00C04F79EFBC}") = "Programacion", "Estructurada\Programacion\Programacion.csproj", "{AAC2CD3C-C799-4AF0-849A-05C5B3167545}"
EndProject
Project("{FAE04EC0-301F-11D3-BF4B-00C04F79EFBC}") = "U03 Iniciacion", "Libro\U03 Iniciacion\U03 Iniciacion.csproj", "{88051F0E-1F85-45C2-BEC8-E2BFB39B9425}"
EndProject
Project("{2150E333-8FDC-42A3-9474-1A3956D46DE8}") = "Libro", "Libro", "{D082B0B8-8117-4F8B-A43A-A140686735A6}"
EndProject
Project("{FAE04EC0-301F-11D3-BF4B-00C04F79EFBC}") = "U04 Funciones", "Libro\U04 Funciones\U04 Funciones.csproj", "{25DA0B4C-B232-491D-BEDE-9D06D82B74FC}"
EndProject
Project("{FAE04EC0-301F-11D3-BF4B-00C04F79EFBC}") = "Finanzas", "Finanzas\Finanzas\Finanzas.csproj", "{4105258C-18A2-44B6-8DAE-741DF5494728}"
EndProject
Project("{FAE04EC0-301F-11D3-BF4B-00C04F79EFBC}") = "U05 Tipos Compuestos", "Libro\U05 Tipos Compuestos\U05 Tipos Compuestos.csproj", "{F2085782-AC63-4056-B304-4F0D2F43FB8C}"
EndProject
Project("{2150E333-8FDC-42A3-9474-1A3956D46DE8}") = "Mis Programas", "Mis Programas", "{CD141A76-A388-435B-BF14-B468E1790436}"
EndProject
Project("{FAE04EC0-301F-11D3-BF4B-00C04F79EFBC}") = "BinaryConverter", "Estructurada\Binary Converting\BinaryConverter\BinaryConverter.csproj", "{6D82D23B-35BF-4F21-AF40-12DA9B430CF7}"
EndProject
Project("{2150E333-8FDC-42A3-9474-1A3956D46DE8}") = "Binary Converting", "Binary Converting", "{26AF4454-027C-4A83-AE4E-4E4B283C2630}"
EndProject
Project("{FAE04EC0-301F-11D3-BF4B-00C04F79EFBC}") = "TestConverter", "Estructurada\Binary Converting\TestConverter\TestConverter.csproj", "{CE81C448-B5EB-4CBE-8D17-740868734F94}"
EndProject
Project("{FAE04EC0-301F-11D3-BF4B-00C04F79EFBC}") = "BinariosDemo", "Estructurada\Binary Converting\BinariosDemo\BinariosDemo.csproj", "{D86A45FC-400E-41BB-B48D-477CA13DE82D}"
EndProject
Project("{2150E333-8FDC-42A3-9474-1A3956D46DE8}") = "U05 - Tipos Compuestos", "U05 - Tipos Compuestos", "{3957B079-F04A-48B4-B1D3-936871A2AC06}"
EndProject
Project("{2150E333-8FDC-42A3-9474-1A3956D46DE8}") = "Ordenacion", "Ordenacion", "{F1AAB01B-CEA5-41BA-A4E9-9D9565EB8C59}"
EndProject
Project("{FAE04EC0-301F-11D3-BF4B-00C04F79EFBC}") = "QuickSortDemo", "Libro\U05 - Tipos Compuestos\Ordenacion\QuickSortDemo\QuickSortDemo.csproj", "{0006BBDB-9856-4936-8E18-7E3D8BC896B2}"
EndProject
Project("{FAE04EC0-301F-11D3-BF4B-00C04F79EFBC}") = "SeleccionDirectaDemo", "Libro\U05 - Tipos Compuestos\Ordenacion\SeleccionDirectaDemo\SeleccionDirectaDemo.csproj", "{4EFD960A-0339-4A54-A72C-4885AA87CA8F}"
EndProject
Project("{FAE04EC0-301F-11D3-BF4B-00C04F79EFBC}") = "InsercionDirectaDemo", "Libro\U05 - Tipos Compuestos\Ordenacion\InsercionDirectaDemo\InsercionDirectaDemo.csproj", "{11E00899-18CD-4A8F-A904-48954403B211}"
EndProject
Project("{2150E333-8FDC-42A3-9474-1A3956D46DE8}") = "WindowsForms", "WindowsForms", "{ABCDDE82-957B-4468-A884-872CB1B7D413}"
EndProject
Project("{FAE04EC0-301F-11D3-BF4B-00C04F79EFBC}") = "WindowsFormsApplication1", "WindowsForms\WindowsFormsApplication1\WindowsFormsApplication1.csproj", "{28356749-A4BF-4EAA-B1A3-110BB0E69E69}"
EndProject
Project("{FAE04EC0-301F-11D3-BF4B-00C04F79EFBC}") = "WindowsFormsIntro", "WindowsForms\WindowsFormsIntro\WindowsFormsIntro.csproj", "{63C74A83-433A-49C1-B7B7-A0A3E35789F4}"
EndProject
Project("{FAE04EC0-301F-11D3-BF4B-00C04F79EFBC}") = "WindowsFormsApplication2", "WindowsForms\WindowsFormsApplication2\WindowsFormsApplication2.csproj", "{7F08A34E-3C18-4890-90AB-7F2AB49C7B02}"
EndProject
Project("{2150E333-8FDC-42A3-9474-1A3956D46DE8}") = "POO", "POO", "{F16AA1ED-A54C-4DE5-A156-6089CCEACD4D}"
EndProject
Project("{FAE04EC0-301F-11D3-BF4B-00C04F79EFBC}") = "Estado", "POO\Estado\Estado.csproj", "{FC504AFA-56AC-4A21-B387-8137A1D0C89E}"
EndProject
Project("{2150E333-8FDC-42A3-9474-1A3956D46DE8}") = "Clases-Encapsulacion", "Clases-Encapsulacion", "{7DAA8E09-132B-4F84-A2FD-650BD55475E7}"
EndProject
Project("{FAE04EC0-301F-11D3-BF4B-00C04F79EFBC}") = "Clases", "POO\Clases\PersonasDemo\Clases\Clases.csproj", "{0F619FA2-DCF6-46DE-B1DF-265B5097E25B}"
EndProject
Project("{FAE04EC0-301F-11D3-BF4B-00C04F79EFBC}") = "TestPersona", "POO\Clases\PersonasDemo\TestPersona\TestPersona.csproj", "{7732C99C-5727-4989-B9EE-091EDED4D4BB}"
EndProject
Project("{FAE04EC0-301F-11D3-BF4B-00C04F79EFBC}") = "KeyboardDemo", "Juegos\KeyboardDemo\KeyboardDemo.csproj", "{3E0019FC-FC88-4F2B-99C2-142F5CA977F4}"
EndProject
Project("{2150E333-8FDC-42A3-9474-1A3956D46DE8}") = "TAD", "TAD", "{0C38809F-2C88-4494-9A02-7D29409E93F5}"
EndProject
Project("{FAE04EC0-301F-11D3-BF4B-00C04F79EFBC}") = "ComplexDemo", "POO\TAD\ComplexDemo\ComplexDemo.csproj", "{B30662FF-37C3-43FF-AB68-4CCAD747F582}"
EndProject
Project("{2150E333-8FDC-42A3-9474-1A3956D46DE8}") = "Herencia", "Herencia", "{ECF19406-47F6-4C77-9D8E-106CC1F2DEF2}"
EndProject
Project("{FAE04EC0-301F-11D3-BF4B-00C04F79EFBC}") = "FraccionesDemo", "POO\TAD\FraccionesDemo\FraccionesDemo.csproj", "{BD77AFE1-9693-4CDC-B36C-0EB66212E87A}"
EndProject
Project("{2150E333-8FDC-42A3-9474-1A3956D46DE8}") = "DAOO", "DAOO", "{9E4EDCF1-BD7A-47D0-8B7A-DDB650385F2E}"
EndProject
Project("{2150E333-8FDC-42A3-9474-1A3956D46DE8}") = "Juegos", "Juegos", "{CEE1773B-86D9-4E13-B939-73854BC4C186}"
EndProject
Project("{2150E333-8FDC-42A3-9474-1A3956D46DE8}") = "Estructurada", "Estructurada", "{E7BD0ED8-6C15-46C2-8AE0-FB8BC470EC9F}"
EndProject
Project("{2150E333-8FDC-42A3-9474-1A3956D46DE8}") = "Finanzas", "Finanzas", "{2DFF0F65-E2F8-4325-8F83-3D8CC4860E3A}"
EndProject
Project("{2150E333-8FDC-42A3-9474-1A3956D46DE8}") = "PersonasDemo", "PersonasDemo", "{55A803F3-9111-495B-B07B-DE36780BE379}"
EndProject
Project("{2150E333-8FDC-42A3-9474-1A3956D46DE8}") = "Personas", "Personas", "{8E41A3EC-D09B-4B95-ABA1-A62DA5188C7D}"
EndProject
Project("{2150E333-8FDC-42A3-9474-1A3956D46DE8}") = "Eventos", "Eventos", "{C33982DF-A165-48F9-A5C3-F55EA0117215}"
EndProject
Project("{FAE04EC0-301F-11D3-BF4B-00C04F79EFBC}") = "PersonaEventosDemo", "POO\Eventos\PersonaEventosDemo\PersonaEventosDemo.csproj", "{2C01D18C-5C61-43BA-833F-099C658204BD}"
EndProject
Project("{FAE04EC0-301F-11D3-BF4B-00C04F79EFBC}") = "EventosDemo", "POO\Eventos\EventosDemo\EventosDemo.csproj", "{49BE7FA8-7D14-4DDB-8246-8A60388FA718}"
EndProject
Project("{FAE04EC0-301F-11D3-BF4B-00C04F79EFBC}") = "DelegadosEventosDemo", "POO\Eventos\DelegadosEventosDemo\DelegadosEventosDemo.csproj", "{617CBA8E-CE9B-471D-B3F6-1D8B9A6057A0}"
EndProject
Project("{2150E333-8FDC-42A3-9474-1A3956D46DE8}") = "Reutilizacion", "Reutilizacion", "{7CFC35C5-BCA6-46DB-8354-A8F26B60B653}"
EndProject
Project("{2150E333-8FDC-42A3-9474-1A3956D46DE8}") = "Ambito", "Ambito", "{05A7EF2A-56BA-4F14-ACF4-88D0464A5771}"
EndProject
Project("{FAE04EC0-301F-11D3-BF4B-00C04F79EFBC}") = "AmbitoDemo", "POO\Herencia\Ambito\AmbitoDemo\AmbitoDemo.csproj", "{913752B1-0E25-4D7D-95F7-2829018CE477}"
EndProject
Project("{FAE04EC0-301F-11D3-BF4B-00C04F79EFBC}") = "AmbitoClases", "POO\Herencia\Ambito\AmbitoClases\AmbitoClases.csproj", "{E1E49A4C-BB39-427B-B01C-73E054A98786}"
EndProject
Project("{2150E333-8FDC-42A3-9474-1A3956D46DE8}") = "Abstacta", "Abstacta", "{34E50489-C12F-4A04-96BD-D9941FAF4573}"
EndProject
Project("{FAE04EC0-301F-11D3-BF4B-00C04F79EFBC}") = "AbstractaDemo", "POO\Herencia\Abstacta\AbstractaDemo\AbstractaDemo.csproj", "{C6E35A1C-01B3-4F27-9D18-F66D172EE9B7}"
EndProject
Project("{FAE04EC0-301F-11D3-BF4B-00C04F79EFBC}") = "HerenciaIntro", "POO\Herencia\Reutilizacion\HerenciaIntro\HerenciaIntro.csproj", "{1731D000-1919-489B-B587-6FBE98351A9F}"
EndProject
Project("{FAE04EC0-301F-11D3-BF4B-00C04F79EFBC}") = "HerenciaClases", "POO\Herencia\Personas\HerenciaClases\HerenciaClases.csproj", "{083D5DEE-BE7C-466D-8B7D-38C108868938}"
EndProject
Project("{FAE04EC0-301F-11D3-BF4B-00C04F79EFBC}") = "HerenciaCliente", "POO\Herencia\Personas\HerenciaCliente\HerenciaCliente.csproj", "{F765F804-5B67-4E06-84AC-7439341D8C66}"
EndProject
Project("{F088123C-0E9E-452A-89E6-6BA2F21D5CAC}") = "ModelingProject1", "ModelingProject1\ModelingProject1.modelproj", "{B8777FDC-4E3D-4298-9709-E7CBAE70C13B}"
EndProject
Project("{2150E333-8FDC-42A3-9474-1A3956D46DE8}") = "Interfaces", "Interfaces", "{A08D0978-B7D5-4F47-89A6-48CA06A8E4B4}"
EndProject
Project("{FAE04EC0-301F-11D3-BF4B-00C04F79EFBC}") = "InterfacesDemo", "InterfacesDemo\InterfacesDemo.csproj", "{35BC6F47-1346-446E-980D-388A34E3AA7B}"
EndProject
Project("{FAE04EC0-301F-11D3-BF4B-00C04F79EFBC}") = "Juego2048", "Juegos\Juego2048\Juego2048.csproj", "{49EE116C-737C-4053-A506-22F48B8DC01C}"
EndProject
Project("{FAE04EC0-301F-11D3-BF4B-00C04F79EFBC}") = "Clases.Tests", "POO\Clases\PersonasDemo\Clases.Tests\Clases.Tests.csproj", "{8616B116-E421-4490-B189-34304D12A668}"
EndProject
Project("{2150E333-8FDC-42A3-9474-1A3956D46DE8}") = "Lifetime", "Lifetime", "{93D902A6-2699-4C4F-91EF-99DEF76CB1F9}"
EndProject
Project("{FAE04EC0-301F-11D3-BF4B-00C04F79EFBC}") = "ObjectLifetimeDemo", "POO\Lifetime\ObjectLifetimeDemo\ObjectLifetimeDemo.csproj", "{B4C5A2DE-5837-44C2-AF2D-575531A83F8B}"
EndProject
Project("{FAE04EC0-301F-11D3-BF4B-00C04F79EFBC}") = "PersonaInterfacesDemo", "POO\Interfaces\PersonaInterfacesDemo\PersonaInterfacesDemo.csproj", "{E4AC6E56-DD9F-490C-A587-DC12FFA20940}"
EndProject
Project("{2150E333-8FDC-42A3-9474-1A3956D46DE8}") = "Patrones", "Patrones", "{9F100B42-7EEE-4452-A6A4-0538BD8B981F}"
EndProject
Project("{2150E333-8FDC-42A3-9474-1A3956D46DE8}") = "Comportamiento", "Comportamiento", "{38B0D1FC-8C5F-4104-93E3-D18CBAA83D02}"
EndProject
Project("{FAE04EC0-301F-11D3-BF4B-00C04F79EFBC}") = "StrategyDemo", "DAOO\Patrones\StrategyDemo\StrategyDemo.csproj", "{98A34822-FF54-443C-9665-67E2B09F477E}"
EndProject
Project("{F088123C-0E9E-452A-89E6-6BA2F21D5CAC}") = "PatronesUML", "DAOO\Patrones\PatronesUML\PatronesUML.modelproj", "{7F8BFB3A-124F-4C70-96AE-FCF7E878E178}"
EndProject
Project("{FAE04EC0-301F-11D3-BF4B-00C04F79EFBC}") = "PatronesUMLLib", "DAOO\Patrones\PatronesUMLLib\PatronesUMLLib.csproj", "{72DD9D4E-2B71-4FF0-903D-B2E76828209E}"
EndProject
Project("{2150E333-8FDC-42A3-9474-1A3956D46DE8}") = "Igualdad", "Igualdad", "{10FF45BA-1482-4D98-A46E-D65EAD10B62C}"
EndProject
Project("{2150E333-8FDC-42A3-9474-1A3956D46DE8}") = "Framework", "Framework", "{8F45BCA2-381E-480D-9FCD-360406F10A21}"
EndProject
Project("{FAE04EC0-301F-11D3-BF4B-00C04F79EFBC}") = "CartasDemo", "Framework\Equality\CartasDemo\CartasDemo.csproj", "{476D87C1-2D4B-446D-A01F-7DE927A2CF6B}"
EndProject
Project("{FAE04EC0-301F-11D3-BF4B-00C04F79EFBC}") = "ModelingProject1Lib", "ModelingProject1Lib\ModelingProject1Lib.csproj", "{40902FB6-B4BC-48C8-ADDD-0668351CD1A3}"
EndProject
Project("{FAE04EC0-301F-11D3-BF4B-00C04F79EFBC}") = "ChainOfResponsibilityDemo", "DAOO\Patrones\Comportamiento\ChainOfResponsibilityDemo\ChainOfResponsibilityDemo.csproj", "{A8961D0B-169C-4B7E-9AD2-A4199189FEA7}"
EndProject
Project("{2150E333-8FDC-42A3-9474-1A3956D46DE8}") = "Creacion", "Creacion", "{32691A2E-4196-49F2-A52E-B1294BB2CD76}"
EndProject
Project("{FAE04EC0-301F-11D3-BF4B-00C04F79EFBC}") = "BuilderDemo", "DAOO\Patrones\Creacion\BuilderDemo\BuilderDemo.csproj", "{B1148453-E85E-4E22-AB25-8FDAB91A7C1A}"
EndProject
Project("{2150E333-8FDC-42A3-9474-1A3956D46DE8}") = "LINQ", "LINQ", "{CE937178-9577-419A-8955-1D238E9A32DA}"
EndProject
Project("{FAE04EC0-301F-11D3-BF4B-00C04F79EFBC}") = "BusinessObjects", "LINQ\BusinessObjects\BusinessObjects.csproj", "{1510B004-9F54-4007-906E-BE7E053C8299}"
EndProject
Project("{2150E333-8FDC-42A3-9474-1A3956D46DE8}") = "Factorias", "Factorias", "{951E0E60-477B-48DB-AC73-6F052ADA0DB6}"
EndProject
Project("{FAE04EC0-301F-11D3-BF4B-00C04F79EFBC}") = "FactoryDemo", "DAOO\Patrones\Creacion\Factorias\FactoryDemo\FactoryDemo.csproj", "{9AD312B8-CC8D-43AD-814D-63771101B84E}"
EndProject
Project("{2150E333-8FDC-42A3-9474-1A3956D46DE8}") = "AbstractFactory", "AbstractFactory", "{0C327450-FBAB-43C9-9A51-D46EEEFC6289}"
EndProject
Project("{FAE04EC0-301F-11D3-BF4B-00C04F79EFBC}") = "Barajas.Modelos.Heraclio", "DAOO\Patrones\Creacion\Factorias\AbstractFactory\CartasImagenes\Barajas.Modelos.Heraclio.csproj", "{576AE57E-62BD-49AC-B9B1-BB808D640484}"
EndProject
Project("{FAE04EC0-301F-11D3-BF4B-00C04F79EFBC}") = "Imagenes", "DAOO\Patrones\Creacion\Factorias\AbstractFactory\Imagenes\Imagenes.csproj", "{436A3799-1340-4C94-8A10-0CB30D8304AC}"
EndProject
Project("{FAE04EC0-301F-11D3-BF4B-00C04F79EFBC}") = "TestImagenes", "DAOO\Patrones\Creacion\Factorias\AbstractFactory\TestImagenes\TestImagenes.csproj", "{9304A78A-F9DB-4813-8D12-92E9080E7540}"
EndProject
Project("{FAE04EC0-301F-11D3-BF4B-00C04F79EFBC}") = "Barajas.Modelos.Valenciana", "DAOO\Patrones\Creacion\Factorias\AbstractFactory\BarajasValenciana\Barajas.Modelos.Valenciana.csproj", "{0C8C898B-9153-4E33-B8E9-51532BA454B2}"
EndProject
Project("{FAE04EC0-301F-11D3-BF4B-00C04F79EFBC}") = "CartasLib", "DAOO\Patrones\Creacion\Factorias\AbstractFactory\CartasLib\CartasLib.csproj", "{3F735186-87E2-433A-B9FD-255F5AC11996}"
EndProject
Project("{FAE04EC0-301F-11D3-BF4B-00C04F79EFBC}") = "ControlesCarta", "DAOO\Patrones\Creacion\Factorias\AbstractFactory\ControlesCarta\ControlesCarta.csproj", "{21E7809B-3F4F-4C6F-866A-3CD2478F909D}"
EndProject
Project("{FAE04EC0-301F-11D3-BF4B-00C04F79EFBC}") = "TestLoadAssembly", "DAOO\Patrones\Creacion\Factorias\AbstractFactory\TestLoadAssembly\TestLoadAssembly.csproj", "{B849398F-374B-4E60-8AFC-025E28EA4F61}"
EndProject
Project("{FAE04EC0-301F-11D3-BF4B-00C04F79EFBC}") = "Barajas.Modelos.Otra", "DAOO\Patrones\Creacion\Factorias\AbstractFactory\BarajasOtra\Barajas.Modelos.Otra.csproj", "{B5BF4996-9719-485C-9337-1D4017113B52}"
EndProject
Project("{FAE04EC0-301F-11D3-BF4B-00C04F79EFBC}") = "TestControlesCarta", "DAOO\Patrones\Creacion\Factorias\AbstractFactory\TestControlesCarta\TestControlesCarta.csproj", "{EA81C212-D8AE-4C4D-A6DE-1D2A1E2B8BDB}"
EndProject
Project("{2150E333-8FDC-42A3-9474-1A3956D46DE8}") = "Strategy", "Strategy", "{0C3DEDEF-75DA-4423-AB63-9A2F685D4F8D}"
EndProject
Project("{FAE04EC0-301F-11D3-BF4B-00C04F79EFBC}") = "StrategyDemoAnimales", "DAOO\Patrones\Comportamiento\Strategy\StrategyDemoAnimales\StrategyDemoAnimales.csproj", "{B5EC46D4-6D32-494C-81AB-F99BA104E094}"
EndProject
Global
	GlobalSection(SolutionConfigurationPlatforms) = preSolution
		Debug|Any CPU = Debug|Any CPU
		Release|Any CPU = Release|Any CPU
	EndGlobalSection
	GlobalSection(ProjectConfigurationPlatforms) = postSolution
		{AAC2CD3C-C799-4AF0-849A-05C5B3167545}.Debug|Any CPU.ActiveCfg = Debug|Any CPU
		{AAC2CD3C-C799-4AF0-849A-05C5B3167545}.Debug|Any CPU.Build.0 = Debug|Any CPU
		{AAC2CD3C-C799-4AF0-849A-05C5B3167545}.Release|Any CPU.ActiveCfg = Release|Any CPU
		{AAC2CD3C-C799-4AF0-849A-05C5B3167545}.Release|Any CPU.Build.0 = Release|Any CPU
		{88051F0E-1F85-45C2-BEC8-E2BFB39B9425}.Debug|Any CPU.ActiveCfg = Debug|Any CPU
		{88051F0E-1F85-45C2-BEC8-E2BFB39B9425}.Debug|Any CPU.Build.0 = Debug|Any CPU
		{88051F0E-1F85-45C2-BEC8-E2BFB39B9425}.Release|Any CPU.ActiveCfg = Release|Any CPU
		{88051F0E-1F85-45C2-BEC8-E2BFB39B9425}.Release|Any CPU.Build.0 = Release|Any CPU
		{25DA0B4C-B232-491D-BEDE-9D06D82B74FC}.Debug|Any CPU.ActiveCfg = Debug|Any CPU
		{25DA0B4C-B232-491D-BEDE-9D06D82B74FC}.Debug|Any CPU.Build.0 = Debug|Any CPU
		{25DA0B4C-B232-491D-BEDE-9D06D82B74FC}.Release|Any CPU.ActiveCfg = Release|Any CPU
		{25DA0B4C-B232-491D-BEDE-9D06D82B74FC}.Release|Any CPU.Build.0 = Release|Any CPU
		{4105258C-18A2-44B6-8DAE-741DF5494728}.Debug|Any CPU.ActiveCfg = Debug|Any CPU
		{4105258C-18A2-44B6-8DAE-741DF5494728}.Debug|Any CPU.Build.0 = Debug|Any CPU
		{4105258C-18A2-44B6-8DAE-741DF5494728}.Release|Any CPU.ActiveCfg = Release|Any CPU
		{4105258C-18A2-44B6-8DAE-741DF5494728}.Release|Any CPU.Build.0 = Release|Any CPU
		{F2085782-AC63-4056-B304-4F0D2F43FB8C}.Debug|Any CPU.ActiveCfg = Debug|Any CPU
		{F2085782-AC63-4056-B304-4F0D2F43FB8C}.Debug|Any CPU.Build.0 = Debug|Any CPU
		{F2085782-AC63-4056-B304-4F0D2F43FB8C}.Release|Any CPU.ActiveCfg = Release|Any CPU
		{F2085782-AC63-4056-B304-4F0D2F43FB8C}.Release|Any CPU.Build.0 = Release|Any CPU
		{6D82D23B-35BF-4F21-AF40-12DA9B430CF7}.Debug|Any CPU.ActiveCfg = Debug|Any CPU
		{6D82D23B-35BF-4F21-AF40-12DA9B430CF7}.Debug|Any CPU.Build.0 = Debug|Any CPU
		{6D82D23B-35BF-4F21-AF40-12DA9B430CF7}.Release|Any CPU.ActiveCfg = Release|Any CPU
		{6D82D23B-35BF-4F21-AF40-12DA9B430CF7}.Release|Any CPU.Build.0 = Release|Any CPU
		{CE81C448-B5EB-4CBE-8D17-740868734F94}.Debug|Any CPU.ActiveCfg = Debug|Any CPU
		{CE81C448-B5EB-4CBE-8D17-740868734F94}.Debug|Any CPU.Build.0 = Debug|Any CPU
		{CE81C448-B5EB-4CBE-8D17-740868734F94}.Release|Any CPU.ActiveCfg = Release|Any CPU
		{CE81C448-B5EB-4CBE-8D17-740868734F94}.Release|Any CPU.Build.0 = Release|Any CPU
		{D86A45FC-400E-41BB-B48D-477CA13DE82D}.Debug|Any CPU.ActiveCfg = Debug|Any CPU
		{D86A45FC-400E-41BB-B48D-477CA13DE82D}.Debug|Any CPU.Build.0 = Debug|Any CPU
		{D86A45FC-400E-41BB-B48D-477CA13DE82D}.Release|Any CPU.ActiveCfg = Release|Any CPU
		{D86A45FC-400E-41BB-B48D-477CA13DE82D}.Release|Any CPU.Build.0 = Release|Any CPU
		{0006BBDB-9856-4936-8E18-7E3D8BC896B2}.Debug|Any CPU.ActiveCfg = Debug|Any CPU
		{0006BBDB-9856-4936-8E18-7E3D8BC896B2}.Debug|Any CPU.Build.0 = Debug|Any CPU
		{0006BBDB-9856-4936-8E18-7E3D8BC896B2}.Release|Any CPU.ActiveCfg = Release|Any CPU
		{0006BBDB-9856-4936-8E18-7E3D8BC896B2}.Release|Any CPU.Build.0 = Release|Any CPU
		{4EFD960A-0339-4A54-A72C-4885AA87CA8F}.Debug|Any CPU.ActiveCfg = Debug|Any CPU
		{4EFD960A-0339-4A54-A72C-4885AA87CA8F}.Debug|Any CPU.Build.0 = Debug|Any CPU
		{4EFD960A-0339-4A54-A72C-4885AA87CA8F}.Release|Any CPU.ActiveCfg = Release|Any CPU
		{4EFD960A-0339-4A54-A72C-4885AA87CA8F}.Release|Any CPU.Build.0 = Release|Any CPU
		{11E00899-18CD-4A8F-A904-48954403B211}.Debug|Any CPU.ActiveCfg = Debug|Any CPU
		{11E00899-18CD-4A8F-A904-48954403B211}.Debug|Any CPU.Build.0 = Debug|Any CPU
		{11E00899-18CD-4A8F-A904-48954403B211}.Release|Any CPU.ActiveCfg = Release|Any CPU
		{11E00899-18CD-4A8F-A904-48954403B211}.Release|Any CPU.Build.0 = Release|Any CPU
		{28356749-A4BF-4EAA-B1A3-110BB0E69E69}.Debug|Any CPU.ActiveCfg = Debug|Any CPU
		{28356749-A4BF-4EAA-B1A3-110BB0E69E69}.Debug|Any CPU.Build.0 = Debug|Any CPU
		{28356749-A4BF-4EAA-B1A3-110BB0E69E69}.Release|Any CPU.ActiveCfg = Release|Any CPU
		{28356749-A4BF-4EAA-B1A3-110BB0E69E69}.Release|Any CPU.Build.0 = Release|Any CPU
		{63C74A83-433A-49C1-B7B7-A0A3E35789F4}.Debug|Any CPU.ActiveCfg = Debug|Any CPU
		{63C74A83-433A-49C1-B7B7-A0A3E35789F4}.Debug|Any CPU.Build.0 = Debug|Any CPU
		{63C74A83-433A-49C1-B7B7-A0A3E35789F4}.Release|Any CPU.ActiveCfg = Release|Any CPU
		{63C74A83-433A-49C1-B7B7-A0A3E35789F4}.Release|Any CPU.Build.0 = Release|Any CPU
		{7F08A34E-3C18-4890-90AB-7F2AB49C7B02}.Debug|Any CPU.ActiveCfg = Debug|Any CPU
		{7F08A34E-3C18-4890-90AB-7F2AB49C7B02}.Debug|Any CPU.Build.0 = Debug|Any CPU
		{7F08A34E-3C18-4890-90AB-7F2AB49C7B02}.Release|Any CPU.ActiveCfg = Release|Any CPU
		{7F08A34E-3C18-4890-90AB-7F2AB49C7B02}.Release|Any CPU.Build.0 = Release|Any CPU
		{FC504AFA-56AC-4A21-B387-8137A1D0C89E}.Debug|Any CPU.ActiveCfg = Debug|Any CPU
		{FC504AFA-56AC-4A21-B387-8137A1D0C89E}.Debug|Any CPU.Build.0 = Debug|Any CPU
		{FC504AFA-56AC-4A21-B387-8137A1D0C89E}.Release|Any CPU.ActiveCfg = Release|Any CPU
		{FC504AFA-56AC-4A21-B387-8137A1D0C89E}.Release|Any CPU.Build.0 = Release|Any CPU
		{0F619FA2-DCF6-46DE-B1DF-265B5097E25B}.Debug|Any CPU.ActiveCfg = Debug|Any CPU
		{0F619FA2-DCF6-46DE-B1DF-265B5097E25B}.Debug|Any CPU.Build.0 = Debug|Any CPU
		{0F619FA2-DCF6-46DE-B1DF-265B5097E25B}.Release|Any CPU.ActiveCfg = Release|Any CPU
		{0F619FA2-DCF6-46DE-B1DF-265B5097E25B}.Release|Any CPU.Build.0 = Release|Any CPU
		{7732C99C-5727-4989-B9EE-091EDED4D4BB}.Debug|Any CPU.ActiveCfg = Debug|Any CPU
		{7732C99C-5727-4989-B9EE-091EDED4D4BB}.Debug|Any CPU.Build.0 = Debug|Any CPU
		{7732C99C-5727-4989-B9EE-091EDED4D4BB}.Release|Any CPU.ActiveCfg = Release|Any CPU
		{7732C99C-5727-4989-B9EE-091EDED4D4BB}.Release|Any CPU.Build.0 = Release|Any CPU
		{3E0019FC-FC88-4F2B-99C2-142F5CA977F4}.Debug|Any CPU.ActiveCfg = Debug|Any CPU
		{3E0019FC-FC88-4F2B-99C2-142F5CA977F4}.Debug|Any CPU.Build.0 = Debug|Any CPU
		{3E0019FC-FC88-4F2B-99C2-142F5CA977F4}.Release|Any CPU.ActiveCfg = Release|Any CPU
		{3E0019FC-FC88-4F2B-99C2-142F5CA977F4}.Release|Any CPU.Build.0 = Release|Any CPU
		{B30662FF-37C3-43FF-AB68-4CCAD747F582}.Debug|Any CPU.ActiveCfg = Debug|Any CPU
		{B30662FF-37C3-43FF-AB68-4CCAD747F582}.Debug|Any CPU.Build.0 = Debug|Any CPU
		{B30662FF-37C3-43FF-AB68-4CCAD747F582}.Release|Any CPU.ActiveCfg = Release|Any CPU
		{B30662FF-37C3-43FF-AB68-4CCAD747F582}.Release|Any CPU.Build.0 = Release|Any CPU
		{BD77AFE1-9693-4CDC-B36C-0EB66212E87A}.Debug|Any CPU.ActiveCfg = Debug|Any CPU
		{BD77AFE1-9693-4CDC-B36C-0EB66212E87A}.Debug|Any CPU.Build.0 = Debug|Any CPU
		{BD77AFE1-9693-4CDC-B36C-0EB66212E87A}.Release|Any CPU.ActiveCfg = Release|Any CPU
		{BD77AFE1-9693-4CDC-B36C-0EB66212E87A}.Release|Any CPU.Build.0 = Release|Any CPU
		{2C01D18C-5C61-43BA-833F-099C658204BD}.Debug|Any CPU.ActiveCfg = Debug|Any CPU
		{2C01D18C-5C61-43BA-833F-099C658204BD}.Debug|Any CPU.Build.0 = Debug|Any CPU
		{2C01D18C-5C61-43BA-833F-099C658204BD}.Release|Any CPU.ActiveCfg = Release|Any CPU
		{2C01D18C-5C61-43BA-833F-099C658204BD}.Release|Any CPU.Build.0 = Release|Any CPU
		{49BE7FA8-7D14-4DDB-8246-8A60388FA718}.Debug|Any CPU.ActiveCfg = Debug|Any CPU
		{49BE7FA8-7D14-4DDB-8246-8A60388FA718}.Debug|Any CPU.Build.0 = Debug|Any CPU
		{49BE7FA8-7D14-4DDB-8246-8A60388FA718}.Release|Any CPU.ActiveCfg = Release|Any CPU
		{49BE7FA8-7D14-4DDB-8246-8A60388FA718}.Release|Any CPU.Build.0 = Release|Any CPU
		{617CBA8E-CE9B-471D-B3F6-1D8B9A6057A0}.Debug|Any CPU.ActiveCfg = Debug|Any CPU
		{617CBA8E-CE9B-471D-B3F6-1D8B9A6057A0}.Debug|Any CPU.Build.0 = Debug|Any CPU
		{617CBA8E-CE9B-471D-B3F6-1D8B9A6057A0}.Release|Any CPU.ActiveCfg = Release|Any CPU
		{617CBA8E-CE9B-471D-B3F6-1D8B9A6057A0}.Release|Any CPU.Build.0 = Release|Any CPU
		{913752B1-0E25-4D7D-95F7-2829018CE477}.Debug|Any CPU.ActiveCfg = Debug|Any CPU
		{913752B1-0E25-4D7D-95F7-2829018CE477}.Debug|Any CPU.Build.0 = Debug|Any CPU
		{913752B1-0E25-4D7D-95F7-2829018CE477}.Release|Any CPU.ActiveCfg = Release|Any CPU
		{913752B1-0E25-4D7D-95F7-2829018CE477}.Release|Any CPU.Build.0 = Release|Any CPU
		{E1E49A4C-BB39-427B-B01C-73E054A98786}.Debug|Any CPU.ActiveCfg = Debug|Any CPU
		{E1E49A4C-BB39-427B-B01C-73E054A98786}.Debug|Any CPU.Build.0 = Debug|Any CPU
		{E1E49A4C-BB39-427B-B01C-73E054A98786}.Release|Any CPU.ActiveCfg = Release|Any CPU
		{E1E49A4C-BB39-427B-B01C-73E054A98786}.Release|Any CPU.Build.0 = Release|Any CPU
		{C6E35A1C-01B3-4F27-9D18-F66D172EE9B7}.Debug|Any CPU.ActiveCfg = Debug|Any CPU
		{C6E35A1C-01B3-4F27-9D18-F66D172EE9B7}.Debug|Any CPU.Build.0 = Debug|Any CPU
		{C6E35A1C-01B3-4F27-9D18-F66D172EE9B7}.Release|Any CPU.ActiveCfg = Release|Any CPU
		{C6E35A1C-01B3-4F27-9D18-F66D172EE9B7}.Release|Any CPU.Build.0 = Release|Any CPU
		{1731D000-1919-489B-B587-6FBE98351A9F}.Debug|Any CPU.ActiveCfg = Debug|Any CPU
		{1731D000-1919-489B-B587-6FBE98351A9F}.Debug|Any CPU.Build.0 = Debug|Any CPU
		{1731D000-1919-489B-B587-6FBE98351A9F}.Release|Any CPU.ActiveCfg = Release|Any CPU
		{1731D000-1919-489B-B587-6FBE98351A9F}.Release|Any CPU.Build.0 = Release|Any CPU
		{083D5DEE-BE7C-466D-8B7D-38C108868938}.Debug|Any CPU.ActiveCfg = Debug|Any CPU
		{083D5DEE-BE7C-466D-8B7D-38C108868938}.Debug|Any CPU.Build.0 = Debug|Any CPU
		{083D5DEE-BE7C-466D-8B7D-38C108868938}.Release|Any CPU.ActiveCfg = Release|Any CPU
		{083D5DEE-BE7C-466D-8B7D-38C108868938}.Release|Any CPU.Build.0 = Release|Any CPU
		{F765F804-5B67-4E06-84AC-7439341D8C66}.Debug|Any CPU.ActiveCfg = Debug|Any CPU
		{F765F804-5B67-4E06-84AC-7439341D8C66}.Debug|Any CPU.Build.0 = Debug|Any CPU
		{F765F804-5B67-4E06-84AC-7439341D8C66}.Release|Any CPU.ActiveCfg = Release|Any CPU
		{F765F804-5B67-4E06-84AC-7439341D8C66}.Release|Any CPU.Build.0 = Release|Any CPU
		{B8777FDC-4E3D-4298-9709-E7CBAE70C13B}.Debug|Any CPU.ActiveCfg = Debug|Any CPU
		{B8777FDC-4E3D-4298-9709-E7CBAE70C13B}.Debug|Any CPU.Build.0 = Debug|Any CPU
		{B8777FDC-4E3D-4298-9709-E7CBAE70C13B}.Release|Any CPU.ActiveCfg = Release|Any CPU
		{B8777FDC-4E3D-4298-9709-E7CBAE70C13B}.Release|Any CPU.Build.0 = Release|Any CPU
		{35BC6F47-1346-446E-980D-388A34E3AA7B}.Debug|Any CPU.ActiveCfg = Debug|Any CPU
		{35BC6F47-1346-446E-980D-388A34E3AA7B}.Debug|Any CPU.Build.0 = Debug|Any CPU
		{35BC6F47-1346-446E-980D-388A34E3AA7B}.Release|Any CPU.ActiveCfg = Release|Any CPU
		{35BC6F47-1346-446E-980D-388A34E3AA7B}.Release|Any CPU.Build.0 = Release|Any CPU
		{49EE116C-737C-4053-A506-22F48B8DC01C}.Debug|Any CPU.ActiveCfg = Debug|Any CPU
		{49EE116C-737C-4053-A506-22F48B8DC01C}.Debug|Any CPU.Build.0 = Debug|Any CPU
		{49EE116C-737C-4053-A506-22F48B8DC01C}.Release|Any CPU.ActiveCfg = Release|Any CPU
		{49EE116C-737C-4053-A506-22F48B8DC01C}.Release|Any CPU.Build.0 = Release|Any CPU
		{8616B116-E421-4490-B189-34304D12A668}.Debug|Any CPU.ActiveCfg = Debug|Any CPU
		{8616B116-E421-4490-B189-34304D12A668}.Debug|Any CPU.Build.0 = Debug|Any CPU
		{8616B116-E421-4490-B189-34304D12A668}.Release|Any CPU.ActiveCfg = Release|Any CPU
		{8616B116-E421-4490-B189-34304D12A668}.Release|Any CPU.Build.0 = Release|Any CPU
		{B4C5A2DE-5837-44C2-AF2D-575531A83F8B}.Debug|Any CPU.ActiveCfg = Debug|Any CPU
		{B4C5A2DE-5837-44C2-AF2D-575531A83F8B}.Debug|Any CPU.Build.0 = Debug|Any CPU
		{B4C5A2DE-5837-44C2-AF2D-575531A83F8B}.Release|Any CPU.ActiveCfg = Release|Any CPU
		{B4C5A2DE-5837-44C2-AF2D-575531A83F8B}.Release|Any CPU.Build.0 = Release|Any CPU
		{E4AC6E56-DD9F-490C-A587-DC12FFA20940}.Debug|Any CPU.ActiveCfg = Debug|Any CPU
		{E4AC6E56-DD9F-490C-A587-DC12FFA20940}.Debug|Any CPU.Build.0 = Debug|Any CPU
		{E4AC6E56-DD9F-490C-A587-DC12FFA20940}.Release|Any CPU.ActiveCfg = Release|Any CPU
		{E4AC6E56-DD9F-490C-A587-DC12FFA20940}.Release|Any CPU.Build.0 = Release|Any CPU
		{98A34822-FF54-443C-9665-67E2B09F477E}.Debug|Any CPU.ActiveCfg = Debug|Any CPU
		{98A34822-FF54-443C-9665-67E2B09F477E}.Debug|Any CPU.Build.0 = Debug|Any CPU
		{98A34822-FF54-443C-9665-67E2B09F477E}.Release|Any CPU.ActiveCfg = Release|Any CPU
		{98A34822-FF54-443C-9665-67E2B09F477E}.Release|Any CPU.Build.0 = Release|Any CPU
		{7F8BFB3A-124F-4C70-96AE-FCF7E878E178}.Debug|Any CPU.ActiveCfg = Debug|Any CPU
		{7F8BFB3A-124F-4C70-96AE-FCF7E878E178}.Debug|Any CPU.Build.0 = Debug|Any CPU
		{7F8BFB3A-124F-4C70-96AE-FCF7E878E178}.Release|Any CPU.ActiveCfg = Release|Any CPU
		{7F8BFB3A-124F-4C70-96AE-FCF7E878E178}.Release|Any CPU.Build.0 = Release|Any CPU
		{72DD9D4E-2B71-4FF0-903D-B2E76828209E}.Debug|Any CPU.ActiveCfg = Debug|Any CPU
		{72DD9D4E-2B71-4FF0-903D-B2E76828209E}.Debug|Any CPU.Build.0 = Debug|Any CPU
		{72DD9D4E-2B71-4FF0-903D-B2E76828209E}.Release|Any CPU.ActiveCfg = Release|Any CPU
		{72DD9D4E-2B71-4FF0-903D-B2E76828209E}.Release|Any CPU.Build.0 = Release|Any CPU
		{476D87C1-2D4B-446D-A01F-7DE927A2CF6B}.Debug|Any CPU.ActiveCfg = Debug|Any CPU
		{476D87C1-2D4B-446D-A01F-7DE927A2CF6B}.Debug|Any CPU.Build.0 = Debug|Any CPU
		{476D87C1-2D4B-446D-A01F-7DE927A2CF6B}.Release|Any CPU.ActiveCfg = Release|Any CPU
		{476D87C1-2D4B-446D-A01F-7DE927A2CF6B}.Release|Any CPU.Build.0 = Release|Any CPU
		{40902FB6-B4BC-48C8-ADDD-0668351CD1A3}.Debug|Any CPU.ActiveCfg = Debug|Any CPU
		{40902FB6-B4BC-48C8-ADDD-0668351CD1A3}.Debug|Any CPU.Build.0 = Debug|Any CPU
		{40902FB6-B4BC-48C8-ADDD-0668351CD1A3}.Release|Any CPU.ActiveCfg = Release|Any CPU
		{40902FB6-B4BC-48C8-ADDD-0668351CD1A3}.Release|Any CPU.Build.0 = Release|Any CPU
		{A8961D0B-169C-4B7E-9AD2-A4199189FEA7}.Debug|Any CPU.ActiveCfg = Debug|Any CPU
		{A8961D0B-169C-4B7E-9AD2-A4199189FEA7}.Debug|Any CPU.Build.0 = Debug|Any CPU
		{A8961D0B-169C-4B7E-9AD2-A4199189FEA7}.Release|Any CPU.ActiveCfg = Release|Any CPU
		{A8961D0B-169C-4B7E-9AD2-A4199189FEA7}.Release|Any CPU.Build.0 = Release|Any CPU
		{B1148453-E85E-4E22-AB25-8FDAB91A7C1A}.Debug|Any CPU.ActiveCfg = Debug|Any CPU
		{B1148453-E85E-4E22-AB25-8FDAB91A7C1A}.Debug|Any CPU.Build.0 = Debug|Any CPU
		{B1148453-E85E-4E22-AB25-8FDAB91A7C1A}.Release|Any CPU.ActiveCfg = Release|Any CPU
		{B1148453-E85E-4E22-AB25-8FDAB91A7C1A}.Release|Any CPU.Build.0 = Release|Any CPU
		{1510B004-9F54-4007-906E-BE7E053C8299}.Debug|Any CPU.ActiveCfg = Debug|Any CPU
		{1510B004-9F54-4007-906E-BE7E053C8299}.Debug|Any CPU.Build.0 = Debug|Any CPU
		{1510B004-9F54-4007-906E-BE7E053C8299}.Release|Any CPU.ActiveCfg = Release|Any CPU
		{1510B004-9F54-4007-906E-BE7E053C8299}.Release|Any CPU.Build.0 = Release|Any CPU
		{9AD312B8-CC8D-43AD-814D-63771101B84E}.Debug|Any CPU.ActiveCfg = Debug|Any CPU
		{9AD312B8-CC8D-43AD-814D-63771101B84E}.Debug|Any CPU.Build.0 = Debug|Any CPU
		{9AD312B8-CC8D-43AD-814D-63771101B84E}.Release|Any CPU.ActiveCfg = Release|Any CPU
		{9AD312B8-CC8D-43AD-814D-63771101B84E}.Release|Any CPU.Build.0 = Release|Any CPU
		{576AE57E-62BD-49AC-B9B1-BB808D640484}.Debug|Any CPU.ActiveCfg = Debug|Any CPU
		{576AE57E-62BD-49AC-B9B1-BB808D640484}.Debug|Any CPU.Build.0 = Debug|Any CPU
		{576AE57E-62BD-49AC-B9B1-BB808D640484}.Release|Any CPU.ActiveCfg = Release|Any CPU
		{576AE57E-62BD-49AC-B9B1-BB808D640484}.Release|Any CPU.Build.0 = Release|Any CPU
		{436A3799-1340-4C94-8A10-0CB30D8304AC}.Debug|Any CPU.ActiveCfg = Debug|Any CPU
		{436A3799-1340-4C94-8A10-0CB30D8304AC}.Debug|Any CPU.Build.0 = Debug|Any CPU
		{436A3799-1340-4C94-8A10-0CB30D8304AC}.Release|Any CPU.ActiveCfg = Release|Any CPU
		{436A3799-1340-4C94-8A10-0CB30D8304AC}.Release|Any CPU.Build.0 = Release|Any CPU
		{9304A78A-F9DB-4813-8D12-92E9080E7540}.Debug|Any CPU.ActiveCfg = Debug|Any CPU
		{9304A78A-F9DB-4813-8D12-92E9080E7540}.Debug|Any CPU.Build.0 = Debug|Any CPU
		{9304A78A-F9DB-4813-8D12-92E9080E7540}.Release|Any CPU.ActiveCfg = Release|Any CPU
		{9304A78A-F9DB-4813-8D12-92E9080E7540}.Release|Any CPU.Build.0 = Release|Any CPU
		{0C8C898B-9153-4E33-B8E9-51532BA454B2}.Debug|Any CPU.ActiveCfg = Debug|Any CPU
		{0C8C898B-9153-4E33-B8E9-51532BA454B2}.Debug|Any CPU.Build.0 = Debug|Any CPU
		{0C8C898B-9153-4E33-B8E9-51532BA454B2}.Release|Any CPU.ActiveCfg = Release|Any CPU
		{0C8C898B-9153-4E33-B8E9-51532BA454B2}.Release|Any CPU.Build.0 = Release|Any CPU
		{3F735186-87E2-433A-B9FD-255F5AC11996}.Debug|Any CPU.ActiveCfg = Debug|Any CPU
		{3F735186-87E2-433A-B9FD-255F5AC11996}.Debug|Any CPU.Build.0 = Debug|Any CPU
		{3F735186-87E2-433A-B9FD-255F5AC11996}.Release|Any CPU.ActiveCfg = Release|Any CPU
		{3F735186-87E2-433A-B9FD-255F5AC11996}.Release|Any CPU.Build.0 = Release|Any CPU
		{21E7809B-3F4F-4C6F-866A-3CD2478F909D}.Debug|Any CPU.ActiveCfg = Debug|Any CPU
		{21E7809B-3F4F-4C6F-866A-3CD2478F909D}.Debug|Any CPU.Build.0 = Debug|Any CPU
		{21E7809B-3F4F-4C6F-866A-3CD2478F909D}.Release|Any CPU.ActiveCfg = Release|Any CPU
		{21E7809B-3F4F-4C6F-866A-3CD2478F909D}.Release|Any CPU.Build.0 = Release|Any CPU
		{B849398F-374B-4E60-8AFC-025E28EA4F61}.Debug|Any CPU.ActiveCfg = Debug|Any CPU
		{B849398F-374B-4E60-8AFC-025E28EA4F61}.Debug|Any CPU.Build.0 = Debug|Any CPU
		{B849398F-374B-4E60-8AFC-025E28EA4F61}.Release|Any CPU.ActiveCfg = Release|Any CPU
		{B849398F-374B-4E60-8AFC-025E28EA4F61}.Release|Any CPU.Build.0 = Release|Any CPU
		{B5BF4996-9719-485C-9337-1D4017113B52}.Debug|Any CPU.ActiveCfg = Debug|Any CPU
		{B5BF4996-9719-485C-9337-1D4017113B52}.Debug|Any CPU.Build.0 = Debug|Any CPU
		{B5BF4996-9719-485C-9337-1D4017113B52}.Release|Any CPU.ActiveCfg = Release|Any CPU
		{B5BF4996-9719-485C-9337-1D4017113B52}.Release|Any CPU.Build.0 = Release|Any CPU
		{EA81C212-D8AE-4C4D-A6DE-1D2A1E2B8BDB}.Debug|Any CPU.ActiveCfg = Debug|Any CPU
		{EA81C212-D8AE-4C4D-A6DE-1D2A1E2B8BDB}.Debug|Any CPU.Build.0 = Debug|Any CPU
		{EA81C212-D8AE-4C4D-A6DE-1D2A1E2B8BDB}.Release|Any CPU.ActiveCfg = Release|Any CPU
		{EA81C212-D8AE-4C4D-A6DE-1D2A1E2B8BDB}.Release|Any CPU.Build.0 = Release|Any CPU
		{B5EC46D4-6D32-494C-81AB-F99BA104E094}.Debug|Any CPU.ActiveCfg = Debug|Any CPU
		{B5EC46D4-6D32-494C-81AB-F99BA104E094}.Debug|Any CPU.Build.0 = Debug|Any CPU
		{B5EC46D4-6D32-494C-81AB-F99BA104E094}.Release|Any CPU.ActiveCfg = Release|Any CPU
		{B5EC46D4-6D32-494C-81AB-F99BA104E094}.Release|Any CPU.Build.0 = Release|Any CPU
	EndGlobalSection
	GlobalSection(SolutionProperties) = preSolution
		HideSolutionNode = FALSE
	EndGlobalSection
	GlobalSection(NestedProjects) = preSolution
		{AAC2CD3C-C799-4AF0-849A-05C5B3167545} = {E7BD0ED8-6C15-46C2-8AE0-FB8BC470EC9F}
		{88051F0E-1F85-45C2-BEC8-E2BFB39B9425} = {D082B0B8-8117-4F8B-A43A-A140686735A6}
		{25DA0B4C-B232-491D-BEDE-9D06D82B74FC} = {D082B0B8-8117-4F8B-A43A-A140686735A6}
		{4105258C-18A2-44B6-8DAE-741DF5494728} = {2DFF0F65-E2F8-4325-8F83-3D8CC4860E3A}
		{F2085782-AC63-4056-B304-4F0D2F43FB8C} = {D082B0B8-8117-4F8B-A43A-A140686735A6}
		{6D82D23B-35BF-4F21-AF40-12DA9B430CF7} = {26AF4454-027C-4A83-AE4E-4E4B283C2630}
		{26AF4454-027C-4A83-AE4E-4E4B283C2630} = {E7BD0ED8-6C15-46C2-8AE0-FB8BC470EC9F}
		{CE81C448-B5EB-4CBE-8D17-740868734F94} = {26AF4454-027C-4A83-AE4E-4E4B283C2630}
		{D86A45FC-400E-41BB-B48D-477CA13DE82D} = {26AF4454-027C-4A83-AE4E-4E4B283C2630}
		{3957B079-F04A-48B4-B1D3-936871A2AC06} = {D082B0B8-8117-4F8B-A43A-A140686735A6}
		{F1AAB01B-CEA5-41BA-A4E9-9D9565EB8C59} = {3957B079-F04A-48B4-B1D3-936871A2AC06}
		{0006BBDB-9856-4936-8E18-7E3D8BC896B2} = {F1AAB01B-CEA5-41BA-A4E9-9D9565EB8C59}
		{4EFD960A-0339-4A54-A72C-4885AA87CA8F} = {F1AAB01B-CEA5-41BA-A4E9-9D9565EB8C59}
		{11E00899-18CD-4A8F-A904-48954403B211} = {F1AAB01B-CEA5-41BA-A4E9-9D9565EB8C59}
		{28356749-A4BF-4EAA-B1A3-110BB0E69E69} = {ABCDDE82-957B-4468-A884-872CB1B7D413}
		{63C74A83-433A-49C1-B7B7-A0A3E35789F4} = {ABCDDE82-957B-4468-A884-872CB1B7D413}
		{7F08A34E-3C18-4890-90AB-7F2AB49C7B02} = {ABCDDE82-957B-4468-A884-872CB1B7D413}
		{FC504AFA-56AC-4A21-B387-8137A1D0C89E} = {F16AA1ED-A54C-4DE5-A156-6089CCEACD4D}
		{7DAA8E09-132B-4F84-A2FD-650BD55475E7} = {F16AA1ED-A54C-4DE5-A156-6089CCEACD4D}
		{0F619FA2-DCF6-46DE-B1DF-265B5097E25B} = {55A803F3-9111-495B-B07B-DE36780BE379}
		{7732C99C-5727-4989-B9EE-091EDED4D4BB} = {55A803F3-9111-495B-B07B-DE36780BE379}
		{3E0019FC-FC88-4F2B-99C2-142F5CA977F4} = {CEE1773B-86D9-4E13-B939-73854BC4C186}
		{0C38809F-2C88-4494-9A02-7D29409E93F5} = {F16AA1ED-A54C-4DE5-A156-6089CCEACD4D}
		{B30662FF-37C3-43FF-AB68-4CCAD747F582} = {0C38809F-2C88-4494-9A02-7D29409E93F5}
		{ECF19406-47F6-4C77-9D8E-106CC1F2DEF2} = {F16AA1ED-A54C-4DE5-A156-6089CCEACD4D}
		{BD77AFE1-9693-4CDC-B36C-0EB66212E87A} = {0C38809F-2C88-4494-9A02-7D29409E93F5}
		{55A803F3-9111-495B-B07B-DE36780BE379} = {7DAA8E09-132B-4F84-A2FD-650BD55475E7}
		{8E41A3EC-D09B-4B95-ABA1-A62DA5188C7D} = {ECF19406-47F6-4C77-9D8E-106CC1F2DEF2}
		{C33982DF-A165-48F9-A5C3-F55EA0117215} = {F16AA1ED-A54C-4DE5-A156-6089CCEACD4D}
		{2C01D18C-5C61-43BA-833F-099C658204BD} = {C33982DF-A165-48F9-A5C3-F55EA0117215}
		{49BE7FA8-7D14-4DDB-8246-8A60388FA718} = {C33982DF-A165-48F9-A5C3-F55EA0117215}
		{617CBA8E-CE9B-471D-B3F6-1D8B9A6057A0} = {C33982DF-A165-48F9-A5C3-F55EA0117215}
		{7CFC35C5-BCA6-46DB-8354-A8F26B60B653} = {ECF19406-47F6-4C77-9D8E-106CC1F2DEF2}
		{05A7EF2A-56BA-4F14-ACF4-88D0464A5771} = {ECF19406-47F6-4C77-9D8E-106CC1F2DEF2}
		{913752B1-0E25-4D7D-95F7-2829018CE477} = {05A7EF2A-56BA-4F14-ACF4-88D0464A5771}
		{E1E49A4C-BB39-427B-B01C-73E054A98786} = {05A7EF2A-56BA-4F14-ACF4-88D0464A5771}
		{34E50489-C12F-4A04-96BD-D9941FAF4573} = {ECF19406-47F6-4C77-9D8E-106CC1F2DEF2}
		{C6E35A1C-01B3-4F27-9D18-F66D172EE9B7} = {34E50489-C12F-4A04-96BD-D9941FAF4573}
		{1731D000-1919-489B-B587-6FBE98351A9F} = {7CFC35C5-BCA6-46DB-8354-A8F26B60B653}
		{083D5DEE-BE7C-466D-8B7D-38C108868938} = {8E41A3EC-D09B-4B95-ABA1-A62DA5188C7D}
		{F765F804-5B67-4E06-84AC-7439341D8C66} = {8E41A3EC-D09B-4B95-ABA1-A62DA5188C7D}
		{A08D0978-B7D5-4F47-89A6-48CA06A8E4B4} = {F16AA1ED-A54C-4DE5-A156-6089CCEACD4D}
		{35BC6F47-1346-446E-980D-388A34E3AA7B} = {A08D0978-B7D5-4F47-89A6-48CA06A8E4B4}
		{49EE116C-737C-4053-A506-22F48B8DC01C} = {CEE1773B-86D9-4E13-B939-73854BC4C186}
		{8616B116-E421-4490-B189-34304D12A668} = {55A803F3-9111-495B-B07B-DE36780BE379}
		{93D902A6-2699-4C4F-91EF-99DEF76CB1F9} = {F16AA1ED-A54C-4DE5-A156-6089CCEACD4D}
		{B4C5A2DE-5837-44C2-AF2D-575531A83F8B} = {93D902A6-2699-4C4F-91EF-99DEF76CB1F9}
		{E4AC6E56-DD9F-490C-A587-DC12FFA20940} = {A08D0978-B7D5-4F47-89A6-48CA06A8E4B4}
		{9F100B42-7EEE-4452-A6A4-0538BD8B981F} = {9E4EDCF1-BD7A-47D0-8B7A-DDB650385F2E}
		{38B0D1FC-8C5F-4104-93E3-D18CBAA83D02} = {9F100B42-7EEE-4452-A6A4-0538BD8B981F}
		{98A34822-FF54-443C-9665-67E2B09F477E} = {38B0D1FC-8C5F-4104-93E3-D18CBAA83D02}
		{10FF45BA-1482-4D98-A46E-D65EAD10B62C} = {8F45BCA2-381E-480D-9FCD-360406F10A21}
		{476D87C1-2D4B-446D-A01F-7DE927A2CF6B} = {10FF45BA-1482-4D98-A46E-D65EAD10B62C}
		{A8961D0B-169C-4B7E-9AD2-A4199189FEA7} = {38B0D1FC-8C5F-4104-93E3-D18CBAA83D02}
		{32691A2E-4196-49F2-A52E-B1294BB2CD76} = {9F100B42-7EEE-4452-A6A4-0538BD8B981F}
		{B1148453-E85E-4E22-AB25-8FDAB91A7C1A} = {32691A2E-4196-49F2-A52E-B1294BB2CD76}
		{1510B004-9F54-4007-906E-BE7E053C8299} = {CE937178-9577-419A-8955-1D238E9A32DA}
		{951E0E60-477B-48DB-AC73-6F052ADA0DB6} = {32691A2E-4196-49F2-A52E-B1294BB2CD76}
		{9AD312B8-CC8D-43AD-814D-63771101B84E} = {951E0E60-477B-48DB-AC73-6F052ADA0DB6}
		{0C327450-FBAB-43C9-9A51-D46EEEFC6289} = {951E0E60-477B-48DB-AC73-6F052ADA0DB6}
		{576AE57E-62BD-49AC-B9B1-BB808D640484} = {0C327450-FBAB-43C9-9A51-D46EEEFC6289}
		{436A3799-1340-4C94-8A10-0CB30D8304AC} = {0C327450-FBAB-43C9-9A51-D46EEEFC6289}
		{9304A78A-F9DB-4813-8D12-92E9080E7540} = {0C327450-FBAB-43C9-9A51-D46EEEFC6289}
		{0C8C898B-9153-4E33-B8E9-51532BA454B2} = {0C327450-FBAB-43C9-9A51-D46EEEFC6289}
		{3F735186-87E2-433A-B9FD-255F5AC11996} = {0C327450-FBAB-43C9-9A51-D46EEEFC6289}
		{21E7809B-3F4F-4C6F-866A-3CD2478F909D} = {0C327450-FBAB-43C9-9A51-D46EEEFC6289}
		{B849398F-374B-4E60-8AFC-025E28EA4F61} = {0C327450-FBAB-43C9-9A51-D46EEEFC6289}
		{B5BF4996-9719-485C-9337-1D4017113B52} = {0C327450-FBAB-43C9-9A51-D46EEEFC6289}
		{EA81C212-D8AE-4C4D-A6DE-1D2A1E2B8BDB} = {0C327450-FBAB-43C9-9A51-D46EEEFC6289}
		{0C3DEDEF-75DA-4423-AB63-9A2F685D4F8D} = {38B0D1FC-8C5F-4104-93E3-D18CBAA83D02}
		{B5EC46D4-6D32-494C-81AB-F99BA104E094} = {0C3DEDEF-75DA-4423-AB63-9A2F685D4F8D}
	EndGlobalSection
EndGlobal
