
Microsoft Visual Studio Solution File, Format Version 12.00
# Visual Studio 2013
VisualStudioVersion = 12.0.30723.0
MinimumVisualStudioVersion = 10.0.40219.1
Project("{FAE04EC0-301F-11D3-BF4B-00C04F79EFBC}") = "Programacion", "MisProgramas\Programacion.csproj", "{AAC2CD3C-C799-4AF0-849A-05C5B3167545}"
EndProject
Project("{FAE04EC0-301F-11D3-BF4B-00C04F79EFBC}") = "U03 Iniciacion", "Libro\U03 Iniciacion\U03 Iniciacion.csproj", "{88051F0E-1F85-45C2-BEC8-E2BFB39B9425}"
EndProject
Project("{2150E333-8FDC-42A3-9474-1A3956D46DE8}") = "Libro", "Libro", "{D082B0B8-8117-4F8B-A43A-A140686735A6}"
EndProject
Project("{FAE04EC0-301F-11D3-BF4B-00C04F79EFBC}") = "U04 Funciones", "Libro\U04 Funciones\U04 Funciones.csproj", "{25DA0B4C-B232-491D-BEDE-9D06D82B74FC}"
EndProject
Project("{FAE04EC0-301F-11D3-BF4B-00C04F79EFBC}") = "Finanzas", "Finanzas\Finanzas.csproj", "{4105258C-18A2-44B6-8DAE-741DF5494728}"
EndProject
Project("{FAE04EC0-301F-11D3-BF4B-00C04F79EFBC}") = "U05 Tipos Compuestos", "Libro\U05 Tipos Compuestos\U05 Tipos Compuestos.csproj", "{F2085782-AC63-4056-B304-4F0D2F43FB8C}"
EndProject
Project("{2150E333-8FDC-42A3-9474-1A3956D46DE8}") = "Mis Programas", "Mis Programas", "{CD141A76-A388-435B-BF14-B468E1790436}"
EndProject
Project("{FAE04EC0-301F-11D3-BF4B-00C04F79EFBC}") = "BinaryConverter", "Programacion\Binary Converting\BinaryConverter\BinaryConverter.csproj", "{6D82D23B-35BF-4F21-AF40-12DA9B430CF7}"
EndProject
Project("{2150E333-8FDC-42A3-9474-1A3956D46DE8}") = "Binary Converting", "Binary Converting", "{26AF4454-027C-4A83-AE4E-4E4B283C2630}"
EndProject
Project("{FAE04EC0-301F-11D3-BF4B-00C04F79EFBC}") = "TestConverter", "Programacion\Binary Converting\TestConverter\TestConverter.csproj", "{CE81C448-B5EB-4CBE-8D17-740868734F94}"
EndProject
Project("{FAE04EC0-301F-11D3-BF4B-00C04F79EFBC}") = "BinariosDemo", "Programacion\Binary Converting\BinariosDemo\BinariosDemo.csproj", "{D86A45FC-400E-41BB-B48D-477CA13DE82D}"
EndProject
Project("{2150E333-8FDC-42A3-9474-1A3956D46DE8}") = "U05 - Tipos Compuestos", "U05 - Tipos Compuestos", "{3957B079-F04A-48B4-B1D3-936871A2AC06}"
EndProject
Project("{2150E333-8FDC-42A3-9474-1A3956D46DE8}") = "Ordenacion", "Ordenacion", "{F1AAB01B-CEA5-41BA-A4E9-9D9565EB8C59}"
EndProject
Project("{FAE04EC0-301F-11D3-BF4B-00C04F79EFBC}") = "QuickSortDemo", "Libro\U05 - Tipos Compuestos\Ordenacion\QuickSortDemo\QuickSortDemo.csproj", "{0006BBDB-9856-4936-8E18-7E3D8BC896B2}"
EndProject
Project("{FAE04EC0-301F-11D3-BF4B-00C04F79EFBC}") = "SeleccionDirectaDemo", "Libro\U05 - Tipos Compuestos\Ordenacion\SeleccionDirectaDemo\SeleccionDirectaDemo.csproj", "{4EFD960A-0339-4A54-A72C-4885AA87CA8F}"
EndProject
Global
	GlobalSection(SolutionConfigurationPlatforms) = preSolution
		Debug|Any CPU = Debug|Any CPU
		Release|Any CPU = Release|Any CPU
	EndGlobalSection
	GlobalSection(ProjectConfigurationPlatforms) = postSolution
		{AAC2CD3C-C799-4AF0-849A-05C5B3167545}.Debug|Any CPU.ActiveCfg = Debug|Any CPU
		{AAC2CD3C-C799-4AF0-849A-05C5B3167545}.Debug|Any CPU.Build.0 = Debug|Any CPU
		{AAC2CD3C-C799-4AF0-849A-05C5B3167545}.Release|Any CPU.ActiveCfg = Release|Any CPU
		{AAC2CD3C-C799-4AF0-849A-05C5B3167545}.Release|Any CPU.Build.0 = Release|Any CPU
		{88051F0E-1F85-45C2-BEC8-E2BFB39B9425}.Debug|Any CPU.ActiveCfg = Debug|Any CPU
		{88051F0E-1F85-45C2-BEC8-E2BFB39B9425}.Debug|Any CPU.Build.0 = Debug|Any CPU
		{88051F0E-1F85-45C2-BEC8-E2BFB39B9425}.Release|Any CPU.ActiveCfg = Release|Any CPU
		{88051F0E-1F85-45C2-BEC8-E2BFB39B9425}.Release|Any CPU.Build.0 = Release|Any CPU
		{25DA0B4C-B232-491D-BEDE-9D06D82B74FC}.Debug|Any CPU.ActiveCfg = Debug|Any CPU
		{25DA0B4C-B232-491D-BEDE-9D06D82B74FC}.Debug|Any CPU.Build.0 = Debug|Any CPU
		{25DA0B4C-B232-491D-BEDE-9D06D82B74FC}.Release|Any CPU.ActiveCfg = Release|Any CPU
		{25DA0B4C-B232-491D-BEDE-9D06D82B74FC}.Release|Any CPU.Build.0 = Release|Any CPU
		{4105258C-18A2-44B6-8DAE-741DF5494728}.Debug|Any CPU.ActiveCfg = Debug|Any CPU
		{4105258C-18A2-44B6-8DAE-741DF5494728}.Debug|Any CPU.Build.0 = Debug|Any CPU
		{4105258C-18A2-44B6-8DAE-741DF5494728}.Release|Any CPU.ActiveCfg = Release|Any CPU
		{4105258C-18A2-44B6-8DAE-741DF5494728}.Release|Any CPU.Build.0 = Release|Any CPU
		{F2085782-AC63-4056-B304-4F0D2F43FB8C}.Debug|Any CPU.ActiveCfg = Debug|Any CPU
		{F2085782-AC63-4056-B304-4F0D2F43FB8C}.Debug|Any CPU.Build.0 = Debug|Any CPU
		{F2085782-AC63-4056-B304-4F0D2F43FB8C}.Release|Any CPU.ActiveCfg = Release|Any CPU
		{F2085782-AC63-4056-B304-4F0D2F43FB8C}.Release|Any CPU.Build.0 = Release|Any CPU
		{6D82D23B-35BF-4F21-AF40-12DA9B430CF7}.Debug|Any CPU.ActiveCfg = Debug|Any CPU
		{6D82D23B-35BF-4F21-AF40-12DA9B430CF7}.Debug|Any CPU.Build.0 = Debug|Any CPU
		{6D82D23B-35BF-4F21-AF40-12DA9B430CF7}.Release|Any CPU.ActiveCfg = Release|Any CPU
		{6D82D23B-35BF-4F21-AF40-12DA9B430CF7}.Release|Any CPU.Build.0 = Release|Any CPU
		{CE81C448-B5EB-4CBE-8D17-740868734F94}.Debug|Any CPU.ActiveCfg = Debug|Any CPU
		{CE81C448-B5EB-4CBE-8D17-740868734F94}.Debug|Any CPU.Build.0 = Debug|Any CPU
		{CE81C448-B5EB-4CBE-8D17-740868734F94}.Release|Any CPU.ActiveCfg = Release|Any CPU
		{CE81C448-B5EB-4CBE-8D17-740868734F94}.Release|Any CPU.Build.0 = Release|Any CPU
		{D86A45FC-400E-41BB-B48D-477CA13DE82D}.Debug|Any CPU.ActiveCfg = Debug|Any CPU
		{D86A45FC-400E-41BB-B48D-477CA13DE82D}.Debug|Any CPU.Build.0 = Debug|Any CPU
		{D86A45FC-400E-41BB-B48D-477CA13DE82D}.Release|Any CPU.ActiveCfg = Release|Any CPU
		{D86A45FC-400E-41BB-B48D-477CA13DE82D}.Release|Any CPU.Build.0 = Release|Any CPU
		{0006BBDB-9856-4936-8E18-7E3D8BC896B2}.Debug|Any CPU.ActiveCfg = Debug|Any CPU
		{0006BBDB-9856-4936-8E18-7E3D8BC896B2}.Debug|Any CPU.Build.0 = Debug|Any CPU
		{0006BBDB-9856-4936-8E18-7E3D8BC896B2}.Release|Any CPU.ActiveCfg = Release|Any CPU
		{0006BBDB-9856-4936-8E18-7E3D8BC896B2}.Release|Any CPU.Build.0 = Release|Any CPU
		{4EFD960A-0339-4A54-A72C-4885AA87CA8F}.Debug|Any CPU.ActiveCfg = Debug|Any CPU
		{4EFD960A-0339-4A54-A72C-4885AA87CA8F}.Debug|Any CPU.Build.0 = Debug|Any CPU
		{4EFD960A-0339-4A54-A72C-4885AA87CA8F}.Release|Any CPU.ActiveCfg = Release|Any CPU
		{4EFD960A-0339-4A54-A72C-4885AA87CA8F}.Release|Any CPU.Build.0 = Release|Any CPU
	EndGlobalSection
	GlobalSection(SolutionProperties) = preSolution
		HideSolutionNode = FALSE
	EndGlobalSection
	GlobalSection(NestedProjects) = preSolution
		{AAC2CD3C-C799-4AF0-849A-05C5B3167545} = {CD141A76-A388-435B-BF14-B468E1790436}
		{88051F0E-1F85-45C2-BEC8-E2BFB39B9425} = {D082B0B8-8117-4F8B-A43A-A140686735A6}
		{25DA0B4C-B232-491D-BEDE-9D06D82B74FC} = {D082B0B8-8117-4F8B-A43A-A140686735A6}
		{4105258C-18A2-44B6-8DAE-741DF5494728} = {CD141A76-A388-435B-BF14-B468E1790436}
		{F2085782-AC63-4056-B304-4F0D2F43FB8C} = {D082B0B8-8117-4F8B-A43A-A140686735A6}
		{6D82D23B-35BF-4F21-AF40-12DA9B430CF7} = {26AF4454-027C-4A83-AE4E-4E4B283C2630}
		{26AF4454-027C-4A83-AE4E-4E4B283C2630} = {CD141A76-A388-435B-BF14-B468E1790436}
		{CE81C448-B5EB-4CBE-8D17-740868734F94} = {26AF4454-027C-4A83-AE4E-4E4B283C2630}
		{D86A45FC-400E-41BB-B48D-477CA13DE82D} = {26AF4454-027C-4A83-AE4E-4E4B283C2630}
		{3957B079-F04A-48B4-B1D3-936871A2AC06} = {D082B0B8-8117-4F8B-A43A-A140686735A6}
		{F1AAB01B-CEA5-41BA-A4E9-9D9565EB8C59} = {3957B079-F04A-48B4-B1D3-936871A2AC06}
		{0006BBDB-9856-4936-8E18-7E3D8BC896B2} = {F1AAB01B-CEA5-41BA-A4E9-9D9565EB8C59}
		{4EFD960A-0339-4A54-A72C-4885AA87CA8F} = {F1AAB01B-CEA5-41BA-A4E9-9D9565EB8C59}
	EndGlobalSection
EndGlobal
